dependencies:
  espressif/ble_ota:
    component_hash: 0976f36c19387359a24ee86cb4914d22f360b97d15ce2dc08e59b09134a0584f
    dependencies:
    - name: espressif/cmake_utilities
      registry_url: https://components.espressif.com/
      require: private
      version: 0.*
    - name: espressif/esp_encrypted_img
      registry_url: https://components.espressif.com/
      require: private
      version: ^2.0.1
    - name: idf
      require: private
      version: '>=4.4'
    source:
      registry_url: https://components.espressif.com/
      type: service
    targets:
    - esp32
    - esp32c3
    - esp32h2
    - esp32s3
    - esp32c2
    - esp32c6
    version: 0.1.12
  espressif/button:
    component_hash: c3ee3ba339a3848977496d0157008ae574a24fc59f54d27c93ab51b14446a2fb
    dependencies:
    - name: espressif/cmake_utilities
      registry_url: https://components.espressif.com/
      require: private
      version: 0.*
    - name: idf
      require: private
      version: '>=4.0'
    source:
      registry_url: https://components.espressif.com/
      type: service
    version: 3.3.1
  espressif/cmake_utilities:
    component_hash: 351350613ceafba240b761b4ea991e0f231ac7a9f59a9ee901f751bddc0bb18f
    dependencies:
    - name: idf
      require: private
      version: '>=4.1'
    source:
      registry_url: https://components.espressif.com/
      type: service
    version: 0.5.3
  espressif/esp_encrypted_img:
    component_hash: 862203d8c66a9fb2d81433d83dbc6179081a425a28fd2f09ffec72571f936bdf
    dependencies:
    - name: idf
      require: private
      version: '>=4.4'
    source:
      registry_url: https://components.espressif.com/
      type: service
    version: 2.2.1
  idf:
    source:
      type: idf
    version: 5.3.0
  plasmapper/pl_common:
    component_hash: bc77bf671462e34ba957e32182ed8f77c8eca31edf125cfc57a19d7b74de1db0
    dependencies:
    - name: idf
      require: private
      version: ^5.0
    source:
      registry_url: https://components.espressif.com/
      type: service
    version: 1.2.2
  plasmapper/pl_nvs:
    component_hash: 2b6a231b7f5fc94653b32f60c9ecbe91519dce51c6bd1e8ad91fe4d5d3196f2d
    dependencies:
    - name: idf
      require: private
      version: ^5.0
    - name: plasmapper/pl_common
      registry_url: https://components.espressif.com/
      require: private
      version: ^1.0.0
    source:
      registry_url: https://components.espressif.com/
      type: service
    version: 1.0.0
direct_dependencies:
- espressif/ble_ota
- espressif/button
- espressif/esp_encrypted_img
- idf
- plasmapper/pl_nvs
manifest_hash: 6b50406a4069decc52e0a0bffdf2b33c9716bd47563f500864b869480c30d4b6
target: esp32c3
version: 2.0.0
